Microsoft Visual Studio Solution File, Format Version 12.00
# Visual Studio Version 17
VisualStudioVersion = 17.5.2.0
MinimumVisualStudioVersion = 10.0.40219.1
Project("{FAE04EC0-301F-11D3-BF4B-00C04F79EFBC}") = "Chatbot-Onbase", "Chatbot-Onbase.csproj", "{CD87B038-145B-3124-7E09-55ED5E9266FD}"
EndProject
Project("{FAE04EC0-301F-11D3-BF4B-00C04F79EFBC}") = "Chatbot-Onbase.Tests", "Tests\Chatbot-Onbase.Tests.csproj", "{818B3637-2EEC-4753-B704-18549E8F07C4}"
EndProject
Global
	GlobalSection(SolutionConfigurationPlatforms) = preSolution
		Debug|Any CPU = Debug|Any CPU
		Release|Any CPU = Release|Any CPU
	EndGlobalSection
	GlobalSection(ProjectConfigurationPlatforms) = postSolution
		{CD87B038-145B-3124-7E09-55ED5E9266FD}.Debug|Any CPU.ActiveCfg = Debug|Any CPU
		{CD87B038-145B-3124-7E09-55ED5E9266FD}.Debug|Any CPU.Build.0 = Debug|Any CPU
		{CD87B038-145B-3124-7E09-55ED5E9266FD}.Release|Any CPU.ActiveCfg = Release|Any CPU
		{CD87B038-145B-3124-7E09-55ED5E9266FD}.Release|Any CPU.Build.0 = Release|Any CPU
		{818B3637-2EEC-4753-B704-18549E8F07C4}.Debug|Any CPU.ActiveCfg = Debug|Any CPU
		{818B3637-2EEC-4753-B704-18549E8F07C4}.Debug|Any CPU.Build.0 = Debug|Any CPU
		{818B3637-2EEC-4753-B704-18549E8F07C4}.Release|Any CPU.ActiveCfg = Release|Any CPU
		{818B3637-2EEC-4753-B704-18549E8F07C4}.Release|Any CPU.Build.0 = Release|Any CPU
	EndGlobalSection
	GlobalSection(SolutionProperties) = preSolution
		HideSolutionNode = FALSE
	EndGlobalSection
	GlobalSection(ExtensibilityGlobals) = postSolution
		SolutionGuid = {A5FDA280-E691-43A7-8892-BF9CF36652B0}
	EndGlobalSection
EndGlobal
